
Microsoft Visual Studio Solution File, Format Version 12.00
# Visual Studio Version 17
VisualStudioVersion = 17.14.36915.13 d17.14
MinimumVisualStudioVersion = 10.0.40219.1
Project("{FAE04EC0-301F-11D3-BF4B-00C04F79EFBC}") = "OctreeQuantization", "OctreeQuantization\OctreeQuantization.csproj", "{DAAD6820-E1C9-4AF1-AA78-4F849D404A88}"
EndProject
Project("{FAE04EC0-301F-11D3-BF4B-00C04F79EFBC}") = "OctreeQuantization.Tests", "OctreeQuantization.Tests\OctreeQuantization.Tests.csproj", "{3EB93369-7D4C-4A71-912C-84D754FEC92D}"
EndProject
Global
	GlobalSection(SolutionConfigurationPlatforms) = preSolution
		Debug|Any CPU = Debug|Any CPU
		Release|Any CPU = Release|Any CPU
	EndGlobalSection
	GlobalSection(ProjectConfigurationPlatforms) = postSolution
		{DAAD6820-E1C9-4AF1-AA78-4F849D404A88}.Debug|Any CPU.ActiveCfg = Debug|Any CPU
		{DAAD6820-E1C9-4AF1-AA78-4F849D404A88}.Debug|Any CPU.Build.0 = Debug|Any CPU
		{DAAD6820-E1C9-4AF1-AA78-4F849D404A88}.Release|Any CPU.ActiveCfg = Release|Any CPU
		{DAAD6820-E1C9-4AF1-AA78-4F849D404A88}.Release|Any CPU.Build.0 = Release|Any CPU
		{3EB93369-7D4C-4A71-912C-84D754FEC92D}.Debug|Any CPU.ActiveCfg = Debug|Any CPU
		{3EB93369-7D4C-4A71-912C-84D754FEC92D}.Debug|Any CPU.Build.0 = Debug|Any CPU
		{3EB93369-7D4C-4A71-912C-84D754FEC92D}.Release|Any CPU.ActiveCfg = Release|Any CPU
		{3EB93369-7D4C-4A71-912C-84D754FEC92D}.Release|Any CPU.Build.0 = Release|Any CPU
	EndGlobalSection
	GlobalSection(SolutionProperties) = preSolution
		HideSolutionNode = FALSE
	EndGlobalSection
	GlobalSection(ExtensibilityGlobals) = postSolution
		SolutionGuid = {471CE213-06AA-4A89-94AE-FEEB97B6E3E2}
	EndGlobalSection
EndGlobal
